
Microsoft Visual Studio Solution File, Format Version 12.00
# Visual Studio Version 17
VisualStudioVersion = 17.6.33829.357
MinimumVisualStudioVersion = 10.0.40219.1
Project("{FAE04EC0-301F-11D3-BF4B-00C04F79EFBC}") = "8.1.25", "8.1.25\8.1.25.csproj", "{D4F6318A-BCEE-40AF-AFF3-3D6A8FCDCEC3}"
EndProject
Global
	GlobalSection(SolutionConfigurationPlatforms) = preSolution
		Debug|Any CPU = Debug|Any CPU
		Release|Any CPU = Release|Any CPU
	EndGlobalSection
	GlobalSection(ProjectConfigurationPlatforms) = postSolution
		{D4F6318A-BCEE-40AF-AFF3-3D6A8FCDCEC3}.Debug|Any CPU.ActiveCfg = Debug|Any CPU
		{D4F6318A-BCEE-40AF-AFF3-3D6A8FCDCEC3}.Debug|Any CPU.Build.0 = Debug|Any CPU
		{D4F6318A-BCEE-40AF-AFF3-3D6A8FCDCEC3}.Release|Any CPU.ActiveCfg = Release|Any CPU
		{D4F6318A-BCEE-40AF-AFF3-3D6A8FCDCEC3}.Release|Any CPU.Build.0 = Release|Any CPU
	EndGlobalSection
	GlobalSection(SolutionProperties) = preSolution
		HideSolutionNode = FALSE
	EndGlobalSection
	GlobalSection(ExtensibilityGlobals) = postSolution
		SolutionGuid = {46259984-4DB1-4875-8EEF-B2DE6202C98D}
	EndGlobalSection
EndGlobal
